// !$*UTF8*$!
{
	archiveVersion = 1;
	classes = {
	};
	objectVersion = 46;
	objects = {

/* Begin PBXBuildFile section */
		903C90E71D3000DE000EAF08 /* main.m in Sources */ = {isa = PBXBuildFile; fileRef = 903C90E61D3000DE000EAF08 /* main.m */; };
		903C90EA1D3000DE000EAF08 /* AppDelegate.m in Sources */ = {isa = PBXBuildFile; fileRef = 903C90E91D3000DE000EAF08 /* AppDelegate.m */; };
		903C90ED1D3000DE000EAF08 /* ViewController.m in Sources */ = {isa = PBXBuildFile; fileRef = 903C90EC1D3000DE000EAF08 /* ViewController.m */; };
		903C90F01D3000DE000EAF08 /* Main.storyboard in Resources */ = {isa = PBXBuildFile; fileRef = 903C90EE1D3000DE000EAF08 /* Main.storyboard */; };
		903C90F21D3000DE000EAF08 /* Assets.xcassets in Resources */ = {isa = PBXBuildFile; fileRef = 903C90F11D3000DE000EAF08 /* Assets.xcassets */; };
		903C90F51D3000DE000EAF08 /* LaunchScreen.storyboard in Resources */ = {isa = PBXBuildFile; fileRef = 903C90F31D3000DE000EAF08 /* LaunchScreen.storyboard */; };
		905584181DCB03A4003A9BB9 /* HTVoiceCodec.m in Sources */ = {isa = PBXBuildFile; fileRef = 905584171DCB03A4003A9BB9 /* HTVoiceCodec.m */; };
		909BD1D51DC7241E005F540D /* bitwise.c in Sources */ = {isa = PBXBuildFile; fileRef = 909BD1641DC7241E005F540D /* bitwise.c */; };
		909BD1D61DC7241E005F540D /* framing.c in Sources */ = {isa = PBXBuildFile; fileRef = 909BD1651DC7241E005F540D /* framing.c */; };
		909BD1D71DC7241E005F540D /* bits.c in Sources */ = {isa = PBXBuildFile; fileRef = 909BD16C1DC7241E005F540D /* bits.c */; };
		909BD1D81DC7241E005F540D /* buffer.c in Sources */ = {isa = PBXBuildFile; fileRef = 909BD16D1DC7241E005F540D /* buffer.c */; };
		909BD1D91DC7241E005F540D /* cb_search.c in Sources */ = {isa = PBXBuildFile; fileRef = 909BD16E1DC7241E005F540D /* cb_search.c */; };
		909BD1DB1DC7241E005F540D /* exc_10_16_table.c in Sources */ = {isa = PBXBuildFile; fileRef = 909BD1741DC7241E005F540D /* exc_10_16_table.c */; };
		909BD1DC1DC7241E005F540D /* exc_10_32_table.c in Sources */ = {isa = PBXBuildFile; fileRef = 909BD1751DC7241E005F540D /* exc_10_32_table.c */; };
		909BD1DD1DC7241E005F540D /* exc_20_32_table.c in Sources */ = {isa = PBXBuildFile; fileRef = 909BD1761DC7241E005F540D /* exc_20_32_table.c */; };
		909BD1DE1DC7241E005F540D /* exc_5_256_table.c in Sources */ = {isa = PBXBuildFile; fileRef = 909BD1771DC7241E005F540D /* exc_5_256_table.c */; };
		909BD1DF1DC7241E005F540D /* exc_5_64_table.c in Sources */ = {isa = PBXBuildFile; fileRef = 909BD1781DC7241E005F540D /* exc_5_64_table.c */; };
		909BD1E01DC7241E005F540D /* exc_8_128_table.c in Sources */ = {isa = PBXBuildFile; fileRef = 909BD1791DC7241E005F540D /* exc_8_128_table.c */; };
		909BD1E11DC7241E005F540D /* fftwrap.c in Sources */ = {isa = PBXBuildFile; fileRef = 909BD17A1DC7241E005F540D /* fftwrap.c */; };
		909BD1E21DC7241E005F540D /* filterbank.c in Sources */ = {isa = PBXBuildFile; fileRef = 909BD17C1DC7241E005F540D /* filterbank.c */; };
		909BD1E31DC7241E005F540D /* filters.c in Sources */ = {isa = PBXBuildFile; fileRef = 909BD17E1DC7241E005F540D /* filters.c */; };
		909BD1E41DC7241E005F540D /* gain_table.c in Sources */ = {isa = PBXBuildFile; fileRef = 909BD1881DC7241E005F540D /* gain_table.c */; };
		909BD1E51DC7241E005F540D /* gain_table_lbr.c in Sources */ = {isa = PBXBuildFile; fileRef = 909BD1891DC7241E005F540D /* gain_table_lbr.c */; };
		909BD1E61DC7241E005F540D /* hexc_10_32_table.c in Sources */ = {isa = PBXBuildFile; fileRef = 909BD18A1DC7241E005F540D /* hexc_10_32_table.c */; };
		909BD1E71DC7241F005F540D /* hexc_table.c in Sources */ = {isa = PBXBuildFile; fileRef = 909BD18B1DC7241E005F540D /* hexc_table.c */; };
		909BD1E81DC7241F005F540D /* high_lsp_tables.c in Sources */ = {isa = PBXBuildFile; fileRef = 909BD18C1DC7241E005F540D /* high_lsp_tables.c */; };
		909BD1E91DC7241F005F540D /* jitter.c in Sources */ = {isa = PBXBuildFile; fileRef = 909BD18D1DC7241E005F540D /* jitter.c */; };
		909BD1EA1DC7241F005F540D /* kiss_fft.c in Sources */ = {isa = PBXBuildFile; fileRef = 909BD18E1DC7241E005F540D /* kiss_fft.c */; };
		909BD1EB1DC7241F005F540D /* kiss_fftr.c in Sources */ = {isa = PBXBuildFile; fileRef = 909BD1901DC7241E005F540D /* kiss_fftr.c */; };
		909BD1EC1DC7241F005F540D /* lpc.c in Sources */ = {isa = PBXBuildFile; fileRef = 909BD1921DC7241E005F540D /* lpc.c */; };
		909BD1ED1DC7241F005F540D /* lsp.c in Sources */ = {isa = PBXBuildFile; fileRef = 909BD1951DC7241E005F540D /* lsp.c */; };
		909BD1EE1DC7241F005F540D /* lsp_tables_nb.c in Sources */ = {isa = PBXBuildFile; fileRef = 909BD1981DC7241E005F540D /* lsp_tables_nb.c */; };
		909BD1EF1DC7241F005F540D /* ltp.c in Sources */ = {isa = PBXBuildFile; fileRef = 909BD1991DC7241E005F540D /* ltp.c */; };
		909BD1F01DC7241F005F540D /* mdf.c in Sources */ = {isa = PBXBuildFile; fileRef = 909BD19F1DC7241E005F540D /* mdf.c */; };
		909BD1F11DC7241F005F540D /* modes.c in Sources */ = {isa = PBXBuildFile; fileRef = 909BD1A11DC7241E005F540D /* modes.c */; };
		909BD1F21DC7241F005F540D /* modes_wb.c in Sources */ = {isa = PBXBuildFile; fileRef = 909BD1A31DC7241E005F540D /* modes_wb.c */; };
		909BD1F31DC7241F005F540D /* nb_celp.c in Sources */ = {isa = PBXBuildFile; fileRef = 909BD1A41DC7241E005F540D /* nb_celp.c */; };
		909BD1F41DC7241F005F540D /* preprocess.c in Sources */ = {isa = PBXBuildFile; fileRef = 909BD1A71DC7241E005F540D /* preprocess.c */; };
		909BD1F51DC7241F005F540D /* quant_lsp.c in Sources */ = {isa = PBXBuildFile; fileRef = 909BD1A91DC7241E005F540D /* quant_lsp.c */; };
		909BD1F61DC7241F005F540D /* resample.c in Sources */ = {isa = PBXBuildFile; fileRef = 909BD1AC1DC7241E005F540D /* resample.c */; };
		909BD1F71DC7241F005F540D /* sb_celp.c in Sources */ = {isa = PBXBuildFile; fileRef = 909BD1AE1DC7241E005F540D /* sb_celp.c */; };
		909BD1F81DC7241F005F540D /* scal.c in Sources */ = {isa = PBXBuildFile; fileRef = 909BD1B01DC7241E005F540D /* scal.c */; };
		909BD1F91DC7241F005F540D /* smallft.c in Sources */ = {isa = PBXBuildFile; fileRef = 909BD1B11DC7241E005F540D /* smallft.c */; };
		909BD1FA1DC7241F005F540D /* speex_config_types.h.in in Resources */ = {isa = PBXBuildFile; fileRef = 909BD1B91DC7241E005F540D /* speex_config_types.h.in */; };
		909BD1FB1DC7241F005F540D /* speex.c in Sources */ = {isa = PBXBuildFile; fileRef = 909BD1C11DC7241E005F540D /* speex.c */; };
		909BD1FC1DC7241F005F540D /* speex_callbacks.c in Sources */ = {isa = PBXBuildFile; fileRef = 909BD1C21DC7241E005F540D /* speex_callbacks.c */; };
		909BD1FD1DC7241F005F540D /* speex_header.c in Sources */ = {isa = PBXBuildFile; fileRef = 909BD1C31DC7241E005F540D /* speex_header.c */; };
		909BD1FE1DC7241F005F540D /* stereo.c in Sources */ = {isa = PBXBuildFile; fileRef = 909BD1C51DC7241E005F540D /* stereo.c */; };
		909BD2051DC7241F005F540D /* vbr.c in Sources */ = {isa = PBXBuildFile; fileRef = 909BD1CC1DC7241E005F540D /* vbr.c */; };
		909BD2061DC7241F005F540D /* vq.c in Sources */ = {isa = PBXBuildFile; fileRef = 909BD1CF1DC7241E005F540D /* vq.c */; };
		909BD2071DC7241F005F540D /* window.c in Sources */ = {isa = PBXBuildFile; fileRef = 909BD1D41DC7241E005F540D /* window.c */; };
		909BD20D1DC8434C005F540D /* HTRecorder.m in Sources */ = {isa = PBXBuildFile; fileRef = 909BD20B1DC8434C005F540D /* HTRecorder.m */; };
		909BD22B1DC84537005F540D /* SpeexCodec.m in Sources */ = {isa = PBXBuildFile; fileRef = 909BD22A1DC84537005F540D /* SpeexCodec.m */; };
		90AC64581D30AEB40020CB76 /* AudioToolbox.framework in Frameworks */ = {isa = PBXBuildFile; fileRef = 90AC64571D30AEB40020CB76 /* AudioToolbox.framework */; };
		95776D72243672A0BCEBDE56 /* libPods-JingDianTongDaoYou.a in Frameworks */ = {isa = PBXBuildFile; fileRef = CDEDCD07CBE56B5AB049EFCE /* libPods-JingDianTongDaoYou.a */; };
/* End PBXBuildFile section */

/* Begin PBXFileReference section */
		659A64B7366030705956C683 /* Pods-JingDianTongDaoYou.release.xcconfig */ = {isa = PBXFileReference; includeInIndex = 1; lastKnownFileType = text.xcconfig; name = "Pods-JingDianTongDaoYou.release.xcconfig"; path = "Pods/Target Support Files/Pods-JingDianTongDaoYou/Pods-JingDianTongDaoYou.release.xcconfig"; sourceTree = "<group>"; };
		6B935575BAA9383EF3092E98 /* Pods-JingDianTongDaoYou.debug.xcconfig */ = {isa = PBXFileReference; includeInIndex = 1; lastKnownFileType = text.xcconfig; name = "Pods-JingDianTongDaoYou.debug.xcconfig"; path = "Pods/Target Support Files/Pods-JingDianTongDaoYou/Pods-JingDianTongDaoYou.debug.xcconfig"; sourceTree = "<group>"; };
		903C90E21D3000DE000EAF08 /* JingDianTongDaoYou.app */ = {isa = PBXFileReference; explicitFileType = wrapper.application; includeInIndex = 0; path = JingDianTongDaoYou.app; sourceTree = BUILT_PRODUCTS_DIR; };
		903C90E61D3000DE000EAF08 /* main.m */ = {isa = PBXFileReference; lastKnownFileType = sourcecode.c.objc; path = main.m; sourceTree = "<group>"; };
		903C90E81D3000DE000EAF08 /* AppDelegate.h */ = {isa = PBXFileReference; lastKnownFileType = sourcecode.c.h; path = AppDelegate.h; sourceTree = "<group>"; };
		903C90E91D3000DE000EAF08 /* AppDelegate.m */ = {isa = PBXFileReference; lastKnownFileType = sourcecode.c.objc; path = AppDelegate.m; sourceTree = "<group>"; };
		903C90EB1D3000DE000EAF08 /* ViewController.h */ = {isa = PBXFileReference; lastKnownFileType = sourcecode.c.h; path = ViewController.h; sourceTree = "<group>"; };
		903C90EC1D3000DE000EAF08 /* ViewController.m */ = {isa = PBXFileReference; lastKnownFileType = sourcecode.c.objc; path = ViewController.m; sourceTree = "<group>"; };
		903C90EF1D3000DE000EAF08 /* Base */ = {isa = PBXFileReference; lastKnownFileType = file.storyboard; name = Base; path = Base.lproj/Main.storyboard; sourceTree = "<group>"; };
		903C90F11D3000DE000EAF08 /* Assets.xcassets */ = {isa = PBXFileReference; lastKnownFileType = folder.assetcatalog; path = Assets.xcassets; sourceTree = "<group>"; };
		903C90F41D3000DE000EAF08 /* Base */ = {isa = PBXFileReference; lastKnownFileType = file.storyboard; name = Base; path = Base.lproj/LaunchScreen.storyboard; sourceTree = "<group>"; };
		903C90F61D3000DE000EAF08 /* Info.plist */ = {isa = PBXFileReference; lastKnownFileType = text.plist.xml; path = Info.plist; sourceTree = "<group>"; };
		905584161DCB03A4003A9BB9 /* HTVoiceCodec.h */ = {isa = PBXFileReference; fileEncoding = 4; lastKnownFileType = sourcecode.c.h; path = HTVoiceCodec.h; sourceTree = "<group>"; };
		905584171DCB03A4003A9BB9 /* HTVoiceCodec.m */ = {isa = PBXFileReference; fileEncoding = 4; lastKnownFileType = sourcecode.c.objc; path = HTVoiceCodec.m; sourceTree = "<group>"; };
		909BD1601DC72411005F540D /* OggSpeex-Prefix.pch */ = {isa = PBXFileReference; fileEncoding = 4; lastKnownFileType = sourcecode.c.h; path = "OggSpeex-Prefix.pch"; sourceTree = "<group>"; };
		909BD1621DC7241E005F540D /* config.h */ = {isa = PBXFileReference; fileEncoding = 4; lastKnownFileType = sourcecode.c.h; path = config.h; sourceTree = "<group>"; };
		909BD1641DC7241E005F540D /* bitwise.c */ = {isa = PBXFileReference; fileEncoding = 4; lastKnownFileType = sourcecode.c.c; path = bitwise.c; sourceTree = "<group>"; };
		909BD1651DC7241E005F540D /* framing.c */ = {isa = PBXFileReference; fileEncoding = 4; lastKnownFileType = sourcecode.c.c; path = framing.c; sourceTree = "<group>"; };
		909BD1671DC7241E005F540D /* ogg.h */ = {isa = PBXFileReference; fileEncoding = 4; lastKnownFileType = sourcecode.c.h; path = ogg.h; sourceTree = "<group>"; };
		909BD1681DC7241E005F540D /* os_types.h */ = {isa = PBXFileReference; fileEncoding = 4; lastKnownFileType = sourcecode.c.h; path = os_types.h; sourceTree = "<group>"; };
		909BD16A1DC7241E005F540D /* _kiss_fft_guts.h */ = {isa = PBXFileReference; fileEncoding = 4; lastKnownFileType = sourcecode.c.h; path = _kiss_fft_guts.h; sourceTree = "<group>"; };
		909BD16B1DC7241E005F540D /* arch.h */ = {isa = PBXFileReference; fileEncoding = 4; lastKnownFileType = sourcecode.c.h; path = arch.h; sourceTree = "<group>"; };
		909BD16C1DC7241E005F540D /* bits.c */ = {isa = PBXFileReference; fileEncoding = 4; lastKnownFileType = sourcecode.c.c; path = bits.c; sourceTree = "<group>"; };
		909BD16D1DC7241E005F540D /* buffer.c */ = {isa = PBXFileReference; fileEncoding = 4; lastKnownFileType = sourcecode.c.c; path = buffer.c; sourceTree = "<group>"; };
		909BD16E1DC7241E005F540D /* cb_search.c */ = {isa = PBXFileReference; fileEncoding = 4; lastKnownFileType = sourcecode.c.c; path = cb_search.c; sourceTree = "<group>"; };
		909BD16F1DC7241E005F540D /* cb_search.h */ = {isa = PBXFileReference; fileEncoding = 4; lastKnownFileType = sourcecode.c.h; path = cb_search.h; sourceTree = "<group>"; };
		909BD1701DC7241E005F540D /* cb_search_arm4.h */ = {isa = PBXFileReference; fileEncoding = 4; lastKnownFileType = sourcecode.c.h; path = cb_search_arm4.h; sourceTree = "<group>"; };
		909BD1711DC7241E005F540D /* cb_search_bfin.h */ = {isa = PBXFileReference; fileEncoding = 4; lastKnownFileType = sourcecode.c.h; path = cb_search_bfin.h; sourceTree = "<group>"; };
		909BD1721DC7241E005F540D /* cb_search_sse.h */ = {isa = PBXFileReference; fileEncoding = 4; lastKnownFileType = sourcecode.c.h; path = cb_search_sse.h; sourceTree = "<group>"; };
		909BD1741DC7241E005F540D /* exc_10_16_table.c */ = {isa = PBXFileReference; fileEncoding = 4; lastKnownFileType = sourcecode.c.c; path = exc_10_16_table.c; sourceTree = "<group>"; };
		909BD1751DC7241E005F540D /* exc_10_32_table.c */ = {isa = PBXFileReference; fileEncoding = 4; lastKnownFileType = sourcecode.c.c; path = exc_10_32_table.c; sourceTree = "<group>"; };
		909BD1761DC7241E005F540D /* exc_20_32_table.c */ = {isa = PBXFileReference; fileEncoding = 4; lastKnownFileType = sourcecode.c.c; path = exc_20_32_table.c; sourceTree = "<group>"; };
		909BD1771DC7241E005F540D /* exc_5_256_table.c */ = {isa = PBXFileReference; fileEncoding = 4; lastKnownFileType = sourcecode.c.c; path = exc_5_256_table.c; sourceTree = "<group>"; };
		909BD1781DC7241E005F540D /* exc_5_64_table.c */ = {isa = PBXFileReference; fileEncoding = 4; lastKnownFileType = sourcecode.c.c; path = exc_5_64_table.c; sourceTree = "<group>"; };
		909BD1791DC7241E005F540D /* exc_8_128_table.c */ = {isa = PBXFileReference; fileEncoding = 4; lastKnownFileType = sourcecode.c.c; path = exc_8_128_table.c; sourceTree = "<group>"; };
		909BD17A1DC7241E005F540D /* fftwrap.c */ = {isa = PBXFileReference; fileEncoding = 4; lastKnownFileType = sourcecode.c.c; path = fftwrap.c; sourceTree = "<group>"; };
		909BD17B1DC7241E005F540D /* fftwrap.h */ = {isa = PBXFileReference; fileEncoding = 4; lastKnownFileType = sourcecode.c.h; path = fftwrap.h; sourceTree = "<group>"; };
		909BD17C1DC7241E005F540D /* filterbank.c */ = {isa = PBXFileReference; fileEncoding = 4; lastKnownFileType = sourcecode.c.c; path = filterbank.c; sourceTree = "<group>"; };
		909BD17D1DC7241E005F540D /* filterbank.h */ = {isa = PBXFileReference; fileEncoding = 4; lastKnownFileType = sourcecode.c.h; path = filterbank.h; sourceTree = "<group>"; };
		909BD17E1DC7241E005F540D /* filters.c */ = {isa = PBXFileReference; fileEncoding = 4; lastKnownFileType = sourcecode.c.c; path = filters.c; sourceTree = "<group>"; };
		909BD17F1DC7241E005F540D /* filters.h */ = {isa = PBXFileReference; fileEncoding = 4; lastKnownFileType = sourcecode.c.h; path = filters.h; sourceTree = "<group>"; };
		909BD1801DC7241E005F540D /* filters_arm4.h */ = {isa = PBXFileReference; fileEncoding = 4; lastKnownFileType = sourcecode.c.h; path = filters_arm4.h; sourceTree = "<group>"; };
		909BD1811DC7241E005F540D /* filters_bfin.h */ = {isa = PBXFileReference; fileEncoding = 4; lastKnownFileType = sourcecode.c.h; path = filters_bfin.h; sourceTree = "<group>"; };
		909BD1821DC7241E005F540D /* filters_sse.h */ = {isa = PBXFileReference; fileEncoding = 4; lastKnownFileType = sourcecode.c.h; path = filters_sse.h; sourceTree = "<group>"; };
		909BD1831DC7241E005F540D /* fixed_arm4.h */ = {isa = PBXFileReference; fileEncoding = 4; lastKnownFileType = sourcecode.c.h; path = fixed_arm4.h; sourceTree = "<group>"; };
		909BD1841DC7241E005F540D /* fixed_arm5e.h */ = {isa = PBXFileReference; fileEncoding = 4; lastKnownFileType = sourcecode.c.h; path = fixed_arm5e.h; sourceTree = "<group>"; };
		909BD1851DC7241E005F540D /* fixed_bfin.h */ = {isa = PBXFileReference; fileEncoding = 4; lastKnownFileType = sourcecode.c.h; path = fixed_bfin.h; sourceTree = "<group>"; };
		909BD1861DC7241E005F540D /* fixed_debug.h */ = {isa = PBXFileReference; fileEncoding = 4; lastKnownFileType = sourcecode.c.h; path = fixed_debug.h; sourceTree = "<group>"; };
		909BD1871DC7241E005F540D /* fixed_generic.h */ = {isa = PBXFileReference; fileEncoding = 4; lastKnownFileType = sourcecode.c.h; path = fixed_generic.h; sourceTree = "<group>"; };
		909BD1881DC7241E005F540D /* gain_table.c */ = {isa = PBXFileReference; fileEncoding = 4; lastKnownFileType = sourcecode.c.c; path = gain_table.c; sourceTree = "<group>"; };
		909BD1891DC7241E005F540D /* gain_table_lbr.c */ = {isa = PBXFileReference; fileEncoding = 4; lastKnownFileType = sourcecode.c.c; path = gain_table_lbr.c; sourceTree = "<group>"; };
		909BD18A1DC7241E005F540D /* hexc_10_32_table.c */ = {isa = PBXFileReference; fileEncoding = 4; lastKnownFileType = sourcecode.c.c; path = hexc_10_32_table.c; sourceTree = "<group>"; };
		909BD18B1DC7241E005F540D /* hexc_table.c */ = {isa = PBXFileReference; fileEncoding = 4; lastKnownFileType = sourcecode.c.c; path = hexc_table.c; sourceTree = "<group>"; };
		909BD18C1DC7241E005F540D /* high_lsp_tables.c */ = {isa = PBXFileReference; fileEncoding = 4; lastKnownFileType = sourcecode.c.c; path = high_lsp_tables.c; sourceTree = "<group>"; };
		909BD18D1DC7241E005F540D /* jitter.c */ = {isa = PBXFileReference; fileEncoding = 4; lastKnownFileType = sourcecode.c.c; path = jitter.c; sourceTree = "<group>"; };
		909BD18E1DC7241E005F540D /* kiss_fft.c */ = {isa = PBXFileReference; fileEncoding = 4; lastKnownFileType = sourcecode.c.c; path = kiss_fft.c; sourceTree = "<group>"; };
		909BD18F1DC7241E005F540D /* kiss_fft.h */ = {isa = PBXFileReference; fileEncoding = 4; lastKnownFileType = sourcecode.c.h; path = kiss_fft.h; sourceTree = "<group>"; };
		909BD1901DC7241E005F540D /* kiss_fftr.c */ = {isa = PBXFileReference; fileEncoding = 4; lastKnownFileType = sourcecode.c.c; path = kiss_fftr.c; sourceTree = "<group>"; };
		909BD1911DC7241E005F540D /* kiss_fftr.h */ = {isa = PBXFileReference; fileEncoding = 4; lastKnownFileType = sourcecode.c.h; path = kiss_fftr.h; sourceTree = "<group>"; };
		909BD1921DC7241E005F540D /* lpc.c */ = {isa = PBXFileReference; fileEncoding = 4; lastKnownFileType = sourcecode.c.c; path = lpc.c; sourceTree = "<group>"; };
		909BD1931DC7241E005F540D /* lpc.h */ = {isa = PBXFileReference; fileEncoding = 4; lastKnownFileType = sourcecode.c.h; path = lpc.h; sourceTree = "<group>"; };
		909BD1941DC7241E005F540D /* lpc_bfin.h */ = {isa = PBXFileReference; fileEncoding = 4; lastKnownFileType = sourcecode.c.h; path = lpc_bfin.h; sourceTree = "<group>"; };
		909BD1951DC7241E005F540D /* lsp.c */ = {isa = PBXFileReference; fileEncoding = 4; lastKnownFileType = sourcecode.c.c; path = lsp.c; sourceTree = "<group>"; };
		909BD1961DC7241E005F540D /* lsp.h */ = {isa = PBXFileReference; fileEncoding = 4; lastKnownFileType = sourcecode.c.h; path = lsp.h; sourceTree = "<group>"; };
		909BD1971DC7241E005F540D /* lsp_bfin.h */ = {isa = PBXFileReference; fileEncoding = 4; lastKnownFileType = sourcecode.c.h; path = lsp_bfin.h; sourceTree = "<group>"; };
		909BD1981DC7241E005F540D /* lsp_tables_nb.c */ = {isa = PBXFileReference; fileEncoding = 4; lastKnownFileType = sourcecode.c.c; path = lsp_tables_nb.c; sourceTree = "<group>"; };
		909BD1991DC7241E005F540D /* ltp.c */ = {isa = PBXFileReference; fileEncoding = 4; lastKnownFileType = sourcecode.c.c; path = ltp.c; sourceTree = "<group>"; };
		909BD19A1DC7241E005F540D /* ltp.h */ = {isa = PBXFileReference; fileEncoding = 4; lastKnownFileType = sourcecode.c.h; path = ltp.h; sourceTree = "<group>"; };
		909BD19B1DC7241E005F540D /* ltp_arm4.h */ = {isa = PBXFileReference; fileEncoding = 4; lastKnownFileType = sourcecode.c.h; path = ltp_arm4.h; sourceTree = "<group>"; };
		909BD19C1DC7241E005F540D /* ltp_bfin.h */ = {isa = PBXFileReference; fileEncoding = 4; lastKnownFileType = sourcecode.c.h; path = ltp_bfin.h; sourceTree = "<group>"; };
		909BD19D1DC7241E005F540D /* ltp_sse.h */ = {isa = PBXFileReference; fileEncoding = 4; lastKnownFileType = sourcecode.c.h; path = ltp_sse.h; sourceTree = "<group>"; };
		909BD19E1DC7241E005F540D /* math_approx.h */ = {isa = PBXFileReference; fileEncoding = 4; lastKnownFileType = sourcecode.c.h; path = math_approx.h; sourceTree = "<group>"; };
		909BD19F1DC7241E005F540D /* mdf.c */ = {isa = PBXFileReference; fileEncoding = 4; lastKnownFileType = sourcecode.c.c; path = mdf.c; sourceTree = "<group>"; };
		909BD1A01DC7241E005F540D /* misc_bfin.h */ = {isa = PBXFileReference; fileEncoding = 4; lastKnownFileType = sourcecode.c.h; path = misc_bfin.h; sourceTree = "<group>"; };
		909BD1A11DC7241E005F540D /* modes.c */ = {isa = PBXFileReference; fileEncoding = 4; lastKnownFileType = sourcecode.c.c; path = modes.c; sourceTree = "<group>"; };
		909BD1A21DC7241E005F540D /* modes.h */ = {isa = PBXFileReference; fileEncoding = 4; lastKnownFileType = sourcecode.c.h; path = modes.h; sourceTree = "<group>"; };
		909BD1A31DC7241E005F540D /* modes_wb.c */ = {isa = PBXFileReference; fileEncoding = 4; lastKnownFileType = sourcecode.c.c; path = modes_wb.c; sourceTree = "<group>"; };
		909BD1A41DC7241E005F540D /* nb_celp.c */ = {isa = PBXFileReference; fileEncoding = 4; lastKnownFileType = sourcecode.c.c; path = nb_celp.c; sourceTree = "<group>"; };
		909BD1A51DC7241E005F540D /* nb_celp.h */ = {isa = PBXFileReference; fileEncoding = 4; lastKnownFileType = sourcecode.c.h; path = nb_celp.h; sourceTree = "<group>"; };
		909BD1A61DC7241E005F540D /* os_support.h */ = {isa = PBXFileReference; fileEncoding = 4; lastKnownFileType = sourcecode.c.h; path = os_support.h; sourceTree = "<group>"; };
		909BD1A71DC7241E005F540D /* preprocess.c */ = {isa = PBXFileReference; fileEncoding = 4; lastKnownFileType = sourcecode.c.c; path = preprocess.c; sourceTree = "<group>"; };
		909BD1A81DC7241E005F540D /* pseudofloat.h */ = {isa = PBXFileReference; fileEncoding = 4; lastKnownFileType = sourcecode.c.h; path = pseudofloat.h; sourceTree = "<group>"; };
		909BD1A91DC7241E005F540D /* quant_lsp.c */ = {isa = PBXFileReference; fileEncoding = 4; lastKnownFileType = sourcecode.c.c; path = quant_lsp.c; sourceTree = "<group>"; };
		909BD1AA1DC7241E005F540D /* quant_lsp.h */ = {isa = PBXFileReference; fileEncoding = 4; lastKnownFileType = sourcecode.c.h; path = quant_lsp.h; sourceTree = "<group>"; };
		909BD1AB1DC7241E005F540D /* quant_lsp_bfin.h */ = {isa = PBXFileReference; fileEncoding = 4; lastKnownFileType = sourcecode.c.h; path = quant_lsp_bfin.h; sourceTree = "<group>"; };
		909BD1AC1DC7241E005F540D /* resample.c */ = {isa = PBXFileReference; fileEncoding = 4; lastKnownFileType = sourcecode.c.c; path = resample.c; sourceTree = "<group>"; };
		909BD1AD1DC7241E005F540D /* resample_sse.h */ = {isa = PBXFileReference; fileEncoding = 4; lastKnownFileType = sourcecode.c.h; path = resample_sse.h; sourceTree = "<group>"; };
		909BD1AE1DC7241E005F540D /* sb_celp.c */ = {isa = PBXFileReference; fileEncoding = 4; lastKnownFileType = sourcecode.c.c; path = sb_celp.c; sourceTree = "<group>"; };
		909BD1AF1DC7241E005F540D /* sb_celp.h */ = {isa = PBXFileReference; fileEncoding = 4; lastKnownFileType = sourcecode.c.h; path = sb_celp.h; sourceTree = "<group>"; };
		909BD1B01DC7241E005F540D /* scal.c */ = {isa = PBXFileReference; fileEncoding = 4; lastKnownFileType = sourcecode.c.c; path = scal.c; sourceTree = "<group>"; };
		909BD1B11DC7241E005F540D /* smallft.c */ = {isa = PBXFileReference; fileEncoding = 4; lastKnownFileType = sourcecode.c.c; path = smallft.c; sourceTree = "<group>"; };
		909BD1B21DC7241E005F540D /* smallft.h */ = {isa = PBXFileReference; fileEncoding = 4; lastKnownFileType = sourcecode.c.h; path = smallft.h; sourceTree = "<group>"; };
		909BD1B41DC7241E005F540D /* speex.h */ = {isa = PBXFileReference; fileEncoding = 4; lastKnownFileType = sourcecode.c.h; path = speex.h; sourceTree = "<group>"; };
		909BD1B51DC7241E005F540D /* speex_bits.h */ = {isa = PBXFileReference; fileEncoding = 4; lastKnownFileType = sourcecode.c.h; path = speex_bits.h; sourceTree = "<group>"; };
		909BD1B61DC7241E005F540D /* speex_buffer.h */ = {isa = PBXFileReference; fileEncoding = 4; lastKnownFileType = sourcecode.c.h; path = speex_buffer.h; sourceTree = "<group>"; };
		909BD1B71DC7241E005F540D /* speex_callbacks.h */ = {isa = PBXFileReference; fileEncoding = 4; lastKnownFileType = sourcecode.c.h; path = speex_callbacks.h; sourceTree = "<group>"; };
		909BD1B81DC7241E005F540D /* speex_config_types.h */ = {isa = PBXFileReference; fileEncoding = 4; lastKnownFileType = sourcecode.c.h; path = speex_config_types.h; sourceTree = "<group>"; };
		909BD1B91DC7241E005F540D /* speex_config_types.h.in */ = {isa = PBXFileReference; fileEncoding = 4; lastKnownFileType = text; path = speex_config_types.h.in; sourceTree = "<group>"; };
		909BD1BA1DC7241E005F540D /* speex_echo.h */ = {isa = PBXFileReference; fileEncoding = 4; lastKnownFileType = sourcecode.c.h; path = speex_echo.h; sourceTree = "<group>"; };
		909BD1BB1DC7241E005F540D /* speex_header.h */ = {isa = PBXFileReference; fileEncoding = 4; lastKnownFileType = sourcecode.c.h; path = speex_header.h; sourceTree = "<group>"; };
		909BD1BC1DC7241E005F540D /* speex_jitter.h */ = {isa = PBXFileReference; fileEncoding = 4; lastKnownFileType = sourcecode.c.h; path = speex_jitter.h; sourceTree = "<group>"; };
		909BD1BD1DC7241E005F540D /* speex_preprocess.h */ = {isa = PBXFileReference; fileEncoding = 4; lastKnownFileType = sourcecode.c.h; path = speex_preprocess.h; sourceTree = "<group>"; };
		909BD1BE1DC7241E005F540D /* speex_resampler.h */ = {isa = PBXFileReference; fileEncoding = 4; lastKnownFileType = sourcecode.c.h; path = speex_resampler.h; sourceTree = "<group>"; };
		909BD1BF1DC7241E005F540D /* speex_stereo.h */ = {isa = PBXFileReference; fileEncoding = 4; lastKnownFileType = sourcecode.c.h; path = speex_stereo.h; sourceTree = "<group>"; };
		909BD1C01DC7241E005F540D /* speex_types.h */ = {isa = PBXFileReference; fileEncoding = 4; lastKnownFileType = sourcecode.c.h; path = speex_types.h; sourceTree = "<group>"; };
		909BD1C11DC7241E005F540D /* speex.c */ = {isa = PBXFileReference; fileEncoding = 4; lastKnownFileType = sourcecode.c.c; path = speex.c; sourceTree = "<group>"; };
		909BD1C21DC7241E005F540D /* speex_callbacks.c */ = {isa = PBXFileReference; fileEncoding = 4; lastKnownFileType = sourcecode.c.c; path = speex_callbacks.c; sourceTree = "<group>"; };
		909BD1C31DC7241E005F540D /* speex_header.c */ = {isa = PBXFileReference; fileEncoding = 4; lastKnownFileType = sourcecode.c.c; path = speex_header.c; sourceTree = "<group>"; };
		909BD1C41DC7241E005F540D /* stack_alloc.h */ = {isa = PBXFileReference; fileEncoding = 4; lastKnownFileType = sourcecode.c.h; path = stack_alloc.h; sourceTree = "<group>"; };
		909BD1C51DC7241E005F540D /* stereo.c */ = {isa = PBXFileReference; fileEncoding = 4; lastKnownFileType = sourcecode.c.c; path = stereo.c; sourceTree = "<group>"; };
		909BD1CC1DC7241E005F540D /* vbr.c */ = {isa = PBXFileReference; fileEncoding = 4; lastKnownFileType = sourcecode.c.c; path = vbr.c; sourceTree = "<group>"; };
		909BD1CD1DC7241E005F540D /* vbr.h */ = {isa = PBXFileReference; fileEncoding = 4; lastKnownFileType = sourcecode.c.h; path = vbr.h; sourceTree = "<group>"; };
		909BD1CE1DC7241E005F540D /* vorbis_psy.h */ = {isa = PBXFileReference; fileEncoding = 4; lastKnownFileType = sourcecode.c.h; path = vorbis_psy.h; sourceTree = "<group>"; };
		909BD1CF1DC7241E005F540D /* vq.c */ = {isa = PBXFileReference; fileEncoding = 4; lastKnownFileType = sourcecode.c.c; path = vq.c; sourceTree = "<group>"; };
		909BD1D01DC7241E005F540D /* vq.h */ = {isa = PBXFileReference; fileEncoding = 4; lastKnownFileType = sourcecode.c.h; path = vq.h; sourceTree = "<group>"; };
		909BD1D11DC7241E005F540D /* vq_arm4.h */ = {isa = PBXFileReference; fileEncoding = 4; lastKnownFileType = sourcecode.c.h; path = vq_arm4.h; sourceTree = "<group>"; };
		909BD1D21DC7241E005F540D /* vq_bfin.h */ = {isa = PBXFileReference; fileEncoding = 4; lastKnownFileType = sourcecode.c.h; path = vq_bfin.h; sourceTree = "<group>"; };
		909BD1D31DC7241E005F540D /* vq_sse.h */ = {isa = PBXFileReference; fileEncoding = 4; lastKnownFileType = sourcecode.c.h; path = vq_sse.h; sourceTree = "<group>"; };
		909BD1D41DC7241E005F540D /* window.c */ = {isa = PBXFileReference; fileEncoding = 4; lastKnownFileType = sourcecode.c.c; path = window.c; sourceTree = "<group>"; };
		909BD20B1DC8434C005F540D /* HTRecorder.m */ = {isa = PBXFileReference; fileEncoding = 4; lastKnownFileType = sourcecode.c.objc; path = HTRecorder.m; sourceTree = "<group>"; };
		909BD20C1DC8434C005F540D /* HTRecorder.h */ = {isa = PBXFileReference; fileEncoding = 4; lastKnownFileType = sourcecode.c.h; path = HTRecorder.h; sourceTree = "<group>"; };
		909BD2251DC844C5005F540D /* SpeexAllHeaders.h */ = {isa = PBXFileReference; fileEncoding = 4; lastKnownFileType = sourcecode.c.h; path = SpeexAllHeaders.h; sourceTree = "<group>"; };
		909BD2291DC84537005F540D /* SpeexCodec.h */ = {isa = PBXFileReference; fileEncoding = 4; lastKnownFileType = sourcecode.c.h; path = SpeexCodec.h; sourceTree = "<group>"; };
		909BD22A1DC84537005F540D /* SpeexCodec.m */ = {isa = PBXFileReference; fileEncoding = 4; lastKnownFileType = sourcecode.c.objc; path = SpeexCodec.m; sourceTree = "<group>"; };
		90AC64571D30AEB40020CB76 /* AudioToolbox.framework */ = {isa = PBXFileReference; lastKnownFileType = wrapper.framework; name = AudioToolbox.framework; path = System/Library/Frameworks/AudioToolbox.framework; sourceTree = SDKROOT; };
		CDEDCD07CBE56B5AB049EFCE /* libPods-JingDianTongDaoYou.a */ = {isa = PBXFileReference; explicitFileType = archive.ar; includeInIndex = 0; path = "libPods-JingDianTongDaoYou.a"; sourceTree = BUILT_PRODUCTS_DIR; };
/* End PBXFileReference section */

/* Begin PBXFrameworksBuildPhase section */
		903C90DF1D3000DE000EAF08 /* Frameworks */ = {
			isa = PBXFrameworksBuildPhase;
			buildActionMask = 2147483647;
			files = (
				90AC64581D30AEB40020CB76 /* AudioToolbox.framework in Frameworks */,
				95776D72243672A0BCEBDE56 /* libPods-JingDianTongDaoYou.a in Frameworks */,
			);
			runOnlyForDeploymentPostprocessing = 0;
		};
/* End PBXFrameworksBuildPhase section */

/* Begin PBXGroup section */
		21CB1DFFB1B03E4E075C86E3 /* Frameworks */ = {
			isa = PBXGroup;
			children = (
				90AC64571D30AEB40020CB76 /* AudioToolbox.framework */,
				CDEDCD07CBE56B5AB049EFCE /* libPods-JingDianTongDaoYou.a */,
			);
			name = Frameworks;
			sourceTree = "<group>";
		};
		903C90D91D3000DE000EAF08 = {
			isa = PBXGroup;
			children = (
				903C90E41D3000DE000EAF08 /* JingDianTongDaoYou */,
				903C90E31D3000DE000EAF08 /* Products */,
				FD3C99F3A313D0CF246FA4A4 /* Pods */,
				21CB1DFFB1B03E4E075C86E3 /* Frameworks */,
			);
			sourceTree = "<group>";
		};
		903C90E31D3000DE000EAF08 /* Products */ = {
			isa = PBXGroup;
			children = (
				903C90E21D3000DE000EAF08 /* JingDianTongDaoYou.app */,
			);
			name = Products;
			sourceTree = "<group>";
		};
		903C90E41D3000DE000EAF08 /* JingDianTongDaoYou */ = {
			isa = PBXGroup;
			children = (
				90AC64501D30ABF10020CB76 /* Class */,
				903C90E81D3000DE000EAF08 /* AppDelegate.h */,
				903C90E91D3000DE000EAF08 /* AppDelegate.m */,
				903C90EB1D3000DE000EAF08 /* ViewController.h */,
				903C90EC1D3000DE000EAF08 /* ViewController.m */,
				903C90EE1D3000DE000EAF08 /* Main.storyboard */,
				903C90F31D3000DE000EAF08 /* LaunchScreen.storyboard */,
				909BD2321DC87DD4005F540D /* Resourses */,
				903C90E51D3000DE000EAF08 /* Supporting Files */,
			);
			path = JingDianTongDaoYou;
			sourceTree = "<group>";
		};
		903C90E51D3000DE000EAF08 /* Supporting Files */ = {
			isa = PBXGroup;
			children = (
				909BD1601DC72411005F540D /* OggSpeex-Prefix.pch */,
				903C90E61D3000DE000EAF08 /* main.m */,
			);
			name = "Supporting Files";
			sourceTree = "<group>";
		};
		909BD13D1DC723F5005F540D /* Classes */ = {
			isa = PBXGroup;
			children = (
				909BD1401DC723F5005F540D /* Codec */,
			);
			path = Classes;
			sourceTree = "<group>";
		};
		909BD1401DC723F5005F540D /* Codec */ = {
			isa = PBXGroup;
			children = (
				909BD2251DC844C5005F540D /* SpeexAllHeaders.h */,
				909BD2291DC84537005F540D /* SpeexCodec.h */,
				909BD22A1DC84537005F540D /* SpeexCodec.m */,
				905584161DCB03A4003A9BB9 /* HTVoiceCodec.h */,
				905584171DCB03A4003A9BB9 /* HTVoiceCodec.m */,
			);
			path = Codec;
			sourceTree = "<group>";
		};
		909BD1611DC7241E005F540D /* Libs */ = {
			isa = PBXGroup;
			children = (
				909BD1621DC7241E005F540D /* config.h */,
				909BD1631DC7241E005F540D /* libogg */,
				909BD1691DC7241E005F540D /* libspeex */,
			);
			path = Libs;
			sourceTree = "<group>";
		};
		909BD1631DC7241E005F540D /* libogg */ = {
			isa = PBXGroup;
			children = (
				909BD1641DC7241E005F540D /* bitwise.c */,
				909BD1651DC7241E005F540D /* framing.c */,
				909BD1661DC7241E005F540D /* ogg */,
			);
			path = libogg;
			sourceTree = "<group>";
		};
		909BD1661DC7241E005F540D /* ogg */ = {
			isa = PBXGroup;
			children = (
				909BD1671DC7241E005F540D /* ogg.h */,
				909BD1681DC7241E005F540D /* os_types.h */,
			);
			path = ogg;
			sourceTree = "<group>";
		};
		909BD1691DC7241E005F540D /* libspeex */ = {
			isa = PBXGroup;
			children = (
				909BD1B31DC7241E005F540D /* speex */,
				909BD16A1DC7241E005F540D /* _kiss_fft_guts.h */,
				909BD16B1DC7241E005F540D /* arch.h */,
				909BD16C1DC7241E005F540D /* bits.c */,
				909BD16D1DC7241E005F540D /* buffer.c */,
				909BD16E1DC7241E005F540D /* cb_search.c */,
				909BD16F1DC7241E005F540D /* cb_search.h */,
				909BD1701DC7241E005F540D /* cb_search_arm4.h */,
				909BD1711DC7241E005F540D /* cb_search_bfin.h */,
				909BD1721DC7241E005F540D /* cb_search_sse.h */,
				909BD1741DC7241E005F540D /* exc_10_16_table.c */,
				909BD1751DC7241E005F540D /* exc_10_32_table.c */,
				909BD1761DC7241E005F540D /* exc_20_32_table.c */,
				909BD1771DC7241E005F540D /* exc_5_256_table.c */,
				909BD1781DC7241E005F540D /* exc_5_64_table.c */,
				909BD1791DC7241E005F540D /* exc_8_128_table.c */,
				909BD17A1DC7241E005F540D /* fftwrap.c */,
				909BD17B1DC7241E005F540D /* fftwrap.h */,
				909BD17C1DC7241E005F540D /* filterbank.c */,
				909BD17D1DC7241E005F540D /* filterbank.h */,
				909BD17E1DC7241E005F540D /* filters.c */,
				909BD17F1DC7241E005F540D /* filters.h */,
				909BD1801DC7241E005F540D /* filters_arm4.h */,
				909BD1811DC7241E005F540D /* filters_bfin.h */,
				909BD1821DC7241E005F540D /* filters_sse.h */,
				909BD1831DC7241E005F540D /* fixed_arm4.h */,
				909BD1841DC7241E005F540D /* fixed_arm5e.h */,
				909BD1851DC7241E005F540D /* fixed_bfin.h */,
				909BD1861DC7241E005F540D /* fixed_debug.h */,
				909BD1871DC7241E005F540D /* fixed_generic.h */,
				909BD1881DC7241E005F540D /* gain_table.c */,
				909BD1891DC7241E005F540D /* gain_table_lbr.c */,
				909BD18A1DC7241E005F540D /* hexc_10_32_table.c */,
				909BD18B1DC7241E005F540D /* hexc_table.c */,
				909BD18C1DC7241E005F540D /* high_lsp_tables.c */,
				909BD18D1DC7241E005F540D /* jitter.c */,
				909BD18E1DC7241E005F540D /* kiss_fft.c */,
				909BD18F1DC7241E005F540D /* kiss_fft.h */,
				909BD1901DC7241E005F540D /* kiss_fftr.c */,
				909BD1911DC7241E005F540D /* kiss_fftr.h */,
				909BD1921DC7241E005F540D /* lpc.c */,
				909BD1931DC7241E005F540D /* lpc.h */,
				909BD1941DC7241E005F540D /* lpc_bfin.h */,
				909BD1951DC7241E005F540D /* lsp.c */,
				909BD1961DC7241E005F540D /* lsp.h */,
				909BD1971DC7241E005F540D /* lsp_bfin.h */,
				909BD1981DC7241E005F540D /* lsp_tables_nb.c */,
				909BD1991DC7241E005F540D /* ltp.c */,
				909BD19A1DC7241E005F540D /* ltp.h */,
				909BD19B1DC7241E005F540D /* ltp_arm4.h */,
				909BD19C1DC7241E005F540D /* ltp_bfin.h */,
				909BD19D1DC7241E005F540D /* ltp_sse.h */,
				909BD19E1DC7241E005F540D /* math_approx.h */,
				909BD19F1DC7241E005F540D /* mdf.c */,
				909BD1A01DC7241E005F540D /* misc_bfin.h */,
				909BD1A11DC7241E005F540D /* modes.c */,
				909BD1A21DC7241E005F540D /* modes.h */,
				909BD1A31DC7241E005F540D /* modes_wb.c */,
				909BD1A41DC7241E005F540D /* nb_celp.c */,
				909BD1A51DC7241E005F540D /* nb_celp.h */,
				909BD1A61DC7241E005F540D /* os_support.h */,
				909BD1A71DC7241E005F540D /* preprocess.c */,
				909BD1A81DC7241E005F540D /* pseudofloat.h */,
				909BD1A91DC7241E005F540D /* quant_lsp.c */,
				909BD1AA1DC7241E005F540D /* quant_lsp.h */,
				909BD1AB1DC7241E005F540D /* quant_lsp_bfin.h */,
				909BD1AC1DC7241E005F540D /* resample.c */,
				909BD1AD1DC7241E005F540D /* resample_sse.h */,
				909BD1AE1DC7241E005F540D /* sb_celp.c */,
				909BD1AF1DC7241E005F540D /* sb_celp.h */,
				909BD1B01DC7241E005F540D /* scal.c */,
				909BD1B11DC7241E005F540D /* smallft.c */,
				909BD1B21DC7241E005F540D /* smallft.h */,
				909BD1C11DC7241E005F540D /* speex.c */,
				909BD1C21DC7241E005F540D /* speex_callbacks.c */,
				909BD1C31DC7241E005F540D /* speex_header.c */,
				909BD1C41DC7241E005F540D /* stack_alloc.h */,
				909BD1C51DC7241E005F540D /* stereo.c */,
				909BD1CC1DC7241E005F540D /* vbr.c */,
				909BD1CD1DC7241E005F540D /* vbr.h */,
				909BD1CE1DC7241E005F540D /* vorbis_psy.h */,
				909BD1CF1DC7241E005F540D /* vq.c */,
				909BD1D01DC7241E005F540D /* vq.h */,
				909BD1D11DC7241E005F540D /* vq_arm4.h */,
				909BD1D21DC7241E005F540D /* vq_bfin.h */,
				909BD1D31DC7241E005F540D /* vq_sse.h */,
				909BD1D41DC7241E005F540D /* window.c */,
			);
			path = libspeex;
			sourceTree = "<group>";
		};
		909BD1B31DC7241E005F540D /* speex */ = {
			isa = PBXGroup;
			children = (
				909BD1B41DC7241E005F540D /* speex.h */,
				909BD1B51DC7241E005F540D /* speex_bits.h */,
				909BD1B61DC7241E005F540D /* speex_buffer.h */,
				909BD1B71DC7241E005F540D /* speex_callbacks.h */,
				909BD1B81DC7241E005F540D /* speex_config_types.h */,
				909BD1B91DC7241E005F540D /* speex_config_types.h.in */,
				909BD1BA1DC7241E005F540D /* speex_echo.h */,
				909BD1BB1DC7241E005F540D /* speex_header.h */,
				909BD1BC1DC7241E005F540D /* speex_jitter.h */,
				909BD1BD1DC7241E005F540D /* speex_preprocess.h */,
				909BD1BE1DC7241E005F540D /* speex_resampler.h */,
				909BD1BF1DC7241E005F540D /* speex_stereo.h */,
				909BD1C01DC7241E005F540D /* speex_types.h */,
			);
			path = speex;
			sourceTree = "<group>";
		};
		909BD2321DC87DD4005F540D /* Resourses */ = {
			isa = PBXGroup;
			children = (
				903C90F61D3000DE000EAF08 /* Info.plist */,
				903C90F11D3000DE000EAF08 /* Assets.xcassets */,
			);
			name = Resourses;
			sourceTree = "<group>";
		};
		90AC64501D30ABF10020CB76 /* Class */ = {
			isa = PBXGroup;
			children = (
				909BD1611DC7241E005F540D /* Libs */,
				909BD13D1DC723F5005F540D /* Classes */,
				909BD20C1DC8434C005F540D /* HTRecorder.h */,
				909BD20B1DC8434C005F540D /* HTRecorder.m */,
			);
			path = Class;
			sourceTree = "<group>";
		};
		FD3C99F3A313D0CF246FA4A4 /* Pods */ = {
			isa = PBXGroup;
			children = (
				6B935575BAA9383EF3092E98 /* Pods-JingDianTongDaoYou.debug.xcconfig */,
				659A64B7366030705956C683 /* Pods-JingDianTongDaoYou.release.xcconfig */,
			);
			name = Pods;
			sourceTree = "<group>";
		};
/* End PBXGroup section */

/* Begin PBXNativeTarget section */
		903C90E11D3000DE000EAF08 /* JingDianTongDaoYou */ = {
			isa = PBXNativeTarget;
			buildConfigurationList = 903C90F91D3000DE000EAF08 /* Build configuration list for PBXNativeTarget "JingDianTongDaoYou" */;
			buildPhases = (
				DE2E6DFD3F5CAA6D1ACD2484 /* [CP] Check Pods Manifest.lock */,
				903C90DE1D3000DE000EAF08 /* Sources */,
				903C90DF1D3000DE000EAF08 /* Frameworks */,
				903C90E01D3000DE000EAF08 /* Resources */,
				21058D1EF417B417181C4564 /* [CP] Embed Pods Frameworks */,
				F56C834E0AD88A6E04B69600 /* [CP] Copy Pods Resources */,
			);
			buildRules = (
			);
			dependencies = (
			);
			name = JingDianTongDaoYou;
			productName = JingDianTongDaoYou;
			productReference = 903C90E21D3000DE000EAF08 /* JingDianTongDaoYou.app */;
			productType = "com.apple.product-type.application";
		};
/* End PBXNativeTarget section */

/* Begin PBXProject section */
		903C90DA1D3000DE000EAF08 /* Project object */ = {
			isa = PBXProject;
			attributes = {
				LastUpgradeCheck = 0800;
				ORGANIZATIONNAME = huatengIOT;
				TargetAttributes = {
					903C90E11D3000DE000EAF08 = {
						CreatedOnToolsVersion = 7.3.1;
						DevelopmentTeam = 2Z7NL663JA;
					};
				};
			};
			buildConfigurationList = 903C90DD1D3000DE000EAF08 /* Build configuration list for PBXProject "JingDianTongDaoYou" */;
			compatibilityVersion = "Xcode 3.2";
			developmentRegion = English;
			hasScannedForEncodings = 0;
			knownRegions = (
				en,
				Base,
			);
			mainGroup = 903C90D91D3000DE000EAF08;
			productRefGroup = 903C90E31D3000DE000EAF08 /* Products */;
			projectDirPath = "";
			projectRoot = "";
			targets = (
				903C90E11D3000DE000EAF08 /* JingDianTongDaoYou */,
			);
		};
/* End PBXProject section */

/* Begin PBXResourcesBuildPhase section */
		903C90E01D3000DE000EAF08 /* Resources */ = {
			isa = PBXResourcesBuildPhase;
			buildActionMask = 2147483647;
			files = (
				909BD1FA1DC7241F005F540D /* speex_config_types.h.in in Resources */,
				903C90F51D3000DE000EAF08 /* LaunchScreen.storyboard in Resources */,
				903C90F21D3000DE000EAF08 /* Assets.xcassets in Resources */,
				903C90F01D3000DE000EAF08 /* Main.storyboard in Resources */,
			);
			runOnlyForDeploymentPostprocessing = 0;
		};
/* End PBXResourcesBuildPhase section */

/* Begin PBXShellScriptBuildPhase section */
		21058D1EF417B417181C4564 /* [CP] Embed Pods Frameworks */ = {
			isa = PBXShellScriptBuildPhase;
			buildActionMask = 2147483647;
			files = (
			);
			inputPaths = (
			);
			name = "[CP] Embed Pods Frameworks";
			outputPaths = (
			);
			runOnlyForDeploymentPostprocessing = 0;
			shellPath = /bin/sh;
			shellScript = "\"${SRCROOT}/Pods/Target Support Files/Pods-JingDianTongDaoYou/Pods-JingDianTongDaoYou-frameworks.sh\"\n";
			showEnvVarsInLog = 0;
		};
		DE2E6DFD3F5CAA6D1ACD2484 /* [CP] Check Pods Manifest.lock */ = {
			isa = PBXShellScriptBuildPhase;
			buildActionMask = 2147483647;
			files = (
			);
			inputPaths = (
			);
			name = "[CP] Check Pods Manifest.lock";
			outputPaths = (
			);
			runOnlyForDeploymentPostprocessing = 0;
			shellPath = /bin/sh;
			shellScript = "diff \"${PODS_ROOT}/../Podfile.lock\" \"${PODS_ROOT}/Manifest.lock\" > /dev/null\nif [[ $? != 0 ]] ; then\n    cat << EOM\nerror: The sandbox is not in sync with the Podfile.lock. Run 'pod install' or update your CocoaPods installation.\nEOM\n    exit 1\nfi\n";
			showEnvVarsInLog = 0;
		};
		F56C834E0AD88A6E04B69600 /* [CP] Copy Pods Resources */ = {
			isa = PBXShellScriptBuildPhase;
			buildActionMask = 2147483647;
			files = (
			);
			inputPaths = (
			);
			name = "[CP] Copy Pods Resources";
			outputPaths = (
			);
			runOnlyForDeploymentPostprocessing = 0;
			shellPath = /bin/sh;
			shellScript = "\"${SRCROOT}/Pods/Target Support Files/Pods-JingDianTongDaoYou/Pods-JingDianTongDaoYou-resources.sh\"\n";
			showEnvVarsInLog = 0;
		};
/* End PBXShellScriptBuildPhase section */

/* Begin PBXSourcesBuildPhase section */
		903C90DE1D3000DE000EAF08 /* Sources */ = {
			isa = PBXSourcesBuildPhase;
			buildActionMask = 2147483647;
			files = (
				909BD1F31DC7241F005F540D /* nb_celp.c in Sources */,
				909BD1F91DC7241F005F540D /* smallft.c in Sources */,
				909BD1FD1DC7241F005F540D /* speex_header.c in Sources */,
				909BD1F11DC7241F005F540D /* modes.c in Sources */,
				909BD1EE1DC7241F005F540D /* lsp_tables_nb.c in Sources */,
				909BD1FC1DC7241F005F540D /* speex_callbacks.c in Sources */,
				909BD1D91DC7241E005F540D /* cb_search.c in Sources */,
				903C90ED1D3000DE000EAF08 /* ViewController.m in Sources */,
				909BD1E71DC7241F005F540D /* hexc_table.c in Sources */,
				909BD1F51DC7241F005F540D /* quant_lsp.c in Sources */,
				909BD1EA1DC7241F005F540D /* kiss_fft.c in Sources */,
				909BD1E41DC7241E005F540D /* gain_table.c in Sources */,
				909BD1EB1DC7241F005F540D /* kiss_fftr.c in Sources */,
				909BD1F71DC7241F005F540D /* sb_celp.c in Sources */,
				909BD2051DC7241F005F540D /* vbr.c in Sources */,
				909BD1DF1DC7241E005F540D /* exc_5_64_table.c in Sources */,
				909BD1DD1DC7241E005F540D /* exc_20_32_table.c in Sources */,
				909BD1DE1DC7241E005F540D /* exc_5_256_table.c in Sources */,
				909BD1F81DC7241F005F540D /* scal.c in Sources */,
				909BD1F61DC7241F005F540D /* resample.c in Sources */,
				909BD1E01DC7241E005F540D /* exc_8_128_table.c in Sources */,
				909BD1F21DC7241F005F540D /* modes_wb.c in Sources */,
				909BD2061DC7241F005F540D /* vq.c in Sources */,
				909BD22B1DC84537005F540D /* SpeexCodec.m in Sources */,
				909BD1DC1DC7241E005F540D /* exc_10_32_table.c in Sources */,
				909BD20D1DC8434C005F540D /* HTRecorder.m in Sources */,
				909BD1FE1DC7241F005F540D /* stereo.c in Sources */,
				909BD1EF1DC7241F005F540D /* ltp.c in Sources */,
				909BD1F01DC7241F005F540D /* mdf.c in Sources */,
				905584181DCB03A4003A9BB9 /* HTVoiceCodec.m in Sources */,
				909BD1E31DC7241E005F540D /* filters.c in Sources */,
				903C90EA1D3000DE000EAF08 /* AppDelegate.m in Sources */,
				909BD1DB1DC7241E005F540D /* exc_10_16_table.c in Sources */,
				909BD1D51DC7241E005F540D /* bitwise.c in Sources */,
				909BD1E61DC7241E005F540D /* hexc_10_32_table.c in Sources */,
				909BD1FB1DC7241F005F540D /* speex.c in Sources */,
				909BD1D81DC7241E005F540D /* buffer.c in Sources */,
				909BD1EC1DC7241F005F540D /* lpc.c in Sources */,
				909BD2071DC7241F005F540D /* window.c in Sources */,
				909BD1E11DC7241E005F540D /* fftwrap.c in Sources */,
				909BD1E81DC7241F005F540D /* high_lsp_tables.c in Sources */,
				909BD1F41DC7241F005F540D /* preprocess.c in Sources */,
				909BD1E91DC7241F005F540D /* jitter.c in Sources */,
				909BD1D61DC7241E005F540D /* framing.c in Sources */,
				903C90E71D3000DE000EAF08 /* main.m in Sources */,
				909BD1D71DC7241E005F540D /* bits.c in Sources */,
				909BD1ED1DC7241F005F540D /* lsp.c in Sources */,
				909BD1E21DC7241E005F540D /* filterbank.c in Sources */,
				909BD1E51DC7241E005F540D /* gain_table_lbr.c in Sources */,
			);
			runOnlyForDeploymentPostprocessing = 0;
		};
/* End PBXSourcesBuildPhase section */

/* Begin PBXVariantGroup section */
		903C90EE1D3000DE000EAF08 /* Main.storyboard */ = {
			isa = PBXVariantGroup;
			children = (
				903C90EF1D3000DE000EAF08 /* Base */,
			);
			name = Main.storyboard;
			sourceTree = "<group>";
		};
		903C90F31D3000DE000EAF08 /* LaunchScreen.storyboard */ = {
			isa = PBXVariantGroup;
			children = (
				903C90F41D3000DE000EAF08 /* Base */,
			);
			name = LaunchScreen.storyboard;
			sourceTree = "<group>";
		};
/* End PBXVariantGroup section */

/* Begin XCBuildConfiguration section */
		903C90F71D3000DE000EAF08 /* Debug */ = {
			isa = XCBuildConfiguration;
			buildSettings = {
				ALWAYS_SEARCH_USER_PATHS = NO;
				CLANG_ANALYZER_NONNULL = YES;
				CLANG_CXX_LANGUAGE_STANDARD = "gnu++0x";
				CLANG_CXX_LIBRARY = "libc++";
				CLANG_ENABLE_MODULES = YES;
				CLANG_ENABLE_OBJC_ARC = YES;
				CLANG_WARN_BOOL_CONVERSION = YES;
				CLANG_WARN_CONSTANT_CONVERSION = YES;
				CLANG_WARN_DIRECT_OBJC_ISA_USAGE = YES_ERROR;
				CLANG_WARN_EMPTY_BODY = YES;
				CLANG_WARN_ENUM_CONVERSION = YES;
				CLANG_WARN_INFINITE_RECURSION = YES;
				CLANG_WARN_INT_CONVERSION = YES;
				CLANG_WARN_OBJC_ROOT_CLASS = YES_ERROR;
				CLANG_WARN_SUSPICIOUS_MOVE = YES;
				CLANG_WARN_UNREACHABLE_CODE = YES;
				CLANG_WARN__DUPLICATE_METHOD_MATCH = YES;
				"CODE_SIGN_IDENTITY[sdk=iphoneos*]" = "iPhone Developer";
				COPY_PHASE_STRIP = NO;
				DEBUG_INFORMATION_FORMAT = dwarf;
				ENABLE_BITCODE = NO;
				ENABLE_STRICT_OBJC_MSGSEND = YES;
				ENABLE_TESTABILITY = YES;
				GCC_C_LANGUAGE_STANDARD = gnu99;
				GCC_DYNAMIC_NO_PIC = NO;
				GCC_NO_COMMON_BLOCKS = YES;
				GCC_OPTIMIZATION_LEVEL = 0;
				GCC_PREPROCESSOR_DEFINITIONS = (
					"DEBUG=1",
					"$(inherited)",
				);
				GCC_WARN_64_TO_32_BIT_CONVERSION = YES;
				GCC_WARN_ABOUT_RETURN_TYPE = YES_ERROR;
				GCC_WARN_UNDECLARED_SELECTOR = YES;
				GCC_WARN_UNINITIALIZED_AUTOS = YES_AGGRESSIVE;
				GCC_WARN_UNUSED_FUNCTION = YES;
				GCC_WARN_UNUSED_VARIABLE = YES;
				IPHONEOS_DEPLOYMENT_TARGET = 9.3;
				MTL_ENABLE_DEBUG_INFO = YES;
				ONLY_ACTIVE_ARCH = YES;
				SDKROOT = iphoneos;
			};
			name = Debug;
		};
		903C90F81D3000DE000EAF08 /* Release */ = {
			isa = XCBuildConfiguration;
			buildSettings = {
				ALWAYS_SEARCH_USER_PATHS = NO;
				CLANG_ANALYZER_NONNULL = YES;
				CLANG_CXX_LANGUAGE_STANDARD = "gnu++0x";
				CLANG_CXX_LIBRARY = "libc++";
				CLANG_ENABLE_MODULES = YES;
				CLANG_ENABLE_OBJC_ARC = YES;
				CLANG_WARN_BOOL_CONVERSION = YES;
				CLANG_WARN_CONSTANT_CONVERSION = YES;
				CLANG_WARN_DIRECT_OBJC_ISA_USAGE = YES_ERROR;
				CLANG_WARN_EMPTY_BODY = YES;
				CLANG_WARN_ENUM_CONVERSION = YES;
				CLANG_WARN_INFINITE_RECURSION = YES;
				CLANG_WARN_INT_CONVERSION = YES;
				CLANG_WARN_OBJC_ROOT_CLASS = YES_ERROR;
				CLANG_WARN_SUSPICIOUS_MOVE = YES;
				CLANG_WARN_UNREACHABLE_CODE = YES;
				CLANG_WARN__DUPLICATE_METHOD_MATCH = YES;
				"CODE_SIGN_IDENTITY[sdk=iphoneos*]" = "iPhone Developer";
				COPY_PHASE_STRIP = NO;
				DEBUG_INFORMATION_FORMAT = "dwarf-with-dsym";
				ENABLE_BITCODE = NO;
				ENABLE_NS_ASSERTIONS = NO;
				ENABLE_STRICT_OBJC_MSGSEND = YES;
				GCC_C_LANGUAGE_STANDARD = gnu99;
				GCC_NO_COMMON_BLOCKS = YES;
				GCC_WARN_64_TO_32_BIT_CONVERSION = YES;
				GCC_WARN_ABOUT_RETURN_TYPE = YES_ERROR;
				GCC_WARN_UNDECLARED_SELECTOR = YES;
				GCC_WARN_UNINITIALIZED_AUTOS = YES_AGGRESSIVE;
				GCC_WARN_UNUSED_FUNCTION = YES;
				GCC_WARN_UNUSED_VARIABLE = YES;
				IPHONEOS_DEPLOYMENT_TARGET = 9.3;
				MTL_ENABLE_DEBUG_INFO = NO;
				SDKROOT = iphoneos;
				VALIDATE_PRODUCT = YES;
			};
			name = Release;
		};
		903C90FA1D3000DE000EAF08 /* Debug */ = {
			isa = XCBuildConfiguration;
			baseConfigurationReference = 6B935575BAA9383EF3092E98 /* Pods-JingDianTongDaoYou.debug.xcconfig */;
			buildSettings = {
				ASSETCATALOG_COMPILER_APPICON_NAME = AppIcon;
				DEVELOPMENT_TEAM = 2Z7NL663JA;
				GCC_PREPROCESSOR_DEFINITIONS = "";
				INFOPLIST_FILE = JingDianTongDaoYou/Info.plist;
				IPHONEOS_DEPLOYMENT_TARGET = 8.0;
				LD_RUNPATH_SEARCH_PATHS = "$(inherited) @executable_path/Frameworks";
				LIBRARY_SEARCH_PATHS = "$(inherited)";
				PRODUCT_BUNDLE_IDENTIFIER = com.huatengIOT.JingDianTongDaoYou;
				PRODUCT_NAME = "$(TARGET_NAME)";
			};
			name = Debug;
		};
		903C90FB1D3000DE000EAF08 /* Release */ = {
			isa = XCBuildConfiguration;
			baseConfigurationReference = 659A64B7366030705956C683 /* Pods-JingDianTongDaoYou.release.xcconfig */;
			buildSettings = {
				ASSETCATALOG_COMPILER_APPICON_NAME = AppIcon;
				DEVELOPMENT_TEAM = 2Z7NL663JA;
				GCC_PREPROCESSOR_DEFINITIONS = "";
				INFOPLIST_FILE = JingDianTongDaoYou/Info.plist;
				IPHONEOS_DEPLOYMENT_TARGET = 8.0;
				LD_RUNPATH_SEARCH_PATHS = "$(inherited) @executable_path/Frameworks";
				LIBRARY_SEARCH_PATHS = "$(inherited)";
				PRODUCT_BUNDLE_IDENTIFIER = com.huatengIOT.JingDianTongDaoYou;
				PRODUCT_NAME = "$(TARGET_NAME)";
			};
			name = Release;
		};
/* End XCBuildConfiguration section */

/* Begin XCConfigurationList section */
		903C90DD1D3000DE000EAF08 /* Build configuration list for PBXProject "JingDianTongDaoYou" */ = {
			isa = XCConfigurationList;
			buildConfigurations = (
				903C90F71D3000DE000EAF08 /* Debug */,
				903C90F81D3000DE000EAF08 /* Release */,
			);
			defaultConfigurationIsVisible = 0;
			defaultConfigurationName = Release;
		};
		903C90F91D3000DE000EAF08 /* Build configuration list for PBXNativeTarget "JingDianTongDaoYou" */ = {
			isa = XCConfigurationList;
			buildConfigurations = (
				903C90FA1D3000DE000EAF08 /* Debug */,
				903C90FB1D3000DE000EAF08 /* Release */,
			);
			defaultConfigurationIsVisible = 0;
			defaultConfigurationName = Release;
		};
/* End XCConfigurationList section */
	};
	rootObject = 903C90DA1D3000DE000EAF08 /* Project object */;
}
